PODS:
  - AFNetworking (3.2.1):
    - AFNetworking/NSURLSession (= 3.2.1)
    - AFNetworking/Reachability (= 3.2.1)
    - AFNetworking/Security (= 3.2.1)
    - AFNetworking/Serialization (= 3.2.1)
    - AFNetworking/UIKit (= 3.2.1)
  - AFNetworking/NSURLSession (3.2.1):
    - AFNetworking/Reachability
    - AFNetworking/Security
    - AFNetworking/Serialization
  - AFNetworking/Reachability (3.2.1)
  - AFNetworking/Security (3.2.1)
  - AFNetworking/Serialization (3.2.1)
  - AFNetworking/UIKit (3.2.1):
    - AFNetworking/NSURLSession
  - DownLoadListen (0.1.3):
    - MJExtension
    - SDWebImage
    - TitanFMBase
    - TKDownloadPlayer
    - TKSegmentBar
    - TKSqliteTool
  - MainMoudle (0.3.4):
    - TitanFMBase/Category
  - MJExtension (3.0.15.1)
  - SDWebImage (4.4.2):
    - SDWebImage/Core (= 4.4.2)
  - SDWebImage/Core (4.4.2)
  - TitanFMBase (0.2.1):
    - TitanFMBase/Base (= 0.2.1)
    - TitanFMBase/Category (= 0.2.1)
    - TitanFMBase/Network (= 0.2.1)
    - TitanFMBase/Tools (= 0.2.1)
  - TitanFMBase/Base (0.2.1)
  - TitanFMBase/Category (0.2.1)
  - TitanFMBase/Network (0.2.1):
    - AFNetworking
    - SDWebImage
    - TitanFMBase/Category
  - TitanFMBase/Tools (0.2.1)
  - TKDownloadPlayer (0.2.2):
    - TKDownloadPlayer/TKDownload (= 0.2.2)
    - TKDownloadPlayer/TKRemotePlayer (= 0.2.2)
  - TKDownloadPlayer/TKDownload (0.2.2)
  - TKDownloadPlayer/TKRemotePlayer (0.2.2)
  - TKSegmentBar (0.1.2):
    - TitanFMBase/Category
  - TKSqliteTool (0.3.1)

DEPENDENCIES:
  - DownLoadListen
  - MainMoudle

SPEC REPOS:
  https://git.coding.net/CoderTitan/TitanjunSpec.git:
    - DownLoadListen
    - MainMoudle
    - TitanFMBase
    - TKDownloadPlayer
    - TKSegmentBar
    - TKSqliteTool
  https://github.com/cocoapods/specs.git:
    - AFNetworking
    - MJExtension
    - SDWebImage

SPEC CHECKSUMS:
  AFNetworking: b6f891fdfaed196b46c7a83cf209e09697b94057
  DownLoadListen: 2eb2fedf78de234055545a4806c0054af873120f
  MainMoudle: 935c2965a23795f65d8697a6b1f0f30fcd52618f
  MJExtension: 19bc33ce2eee2d319760f5622562cf581a6ff756
  SDWebImage: 624d6e296c69b244bcede364c72ae0430ac14681
  TitanFMBase: bedc2b6a2a7bfa144d13e62650b25187b4ba52b3
  TKDownloadPlayer: f1f4eb74020215f0a8365289dc7e051fcaba9597
  TKSegmentBar: fc97658226ff26dfcb781fd4bead1a6b1433e63a
  TKSqliteTool: 04a4d9db0a66005fcbcb7cac8898c721118a4e78

PODFILE CHECKSUM: e96e005d750d2ec22bd672fe61f193d16eb5dc70

COCOAPODS: 1.5.3
